
Microsoft Visual Studio Solution File, Format Version 12.00
# Visual Studio 15
VisualStudioVersion = 15.0.27703.2018
MinimumVisualStudioVersion = 10.0.40219.1
Project("{FAE04EC0-301F-11D3-BF4B-00C04F79EFBC}") = "ComparisonFinancialCalculator", "ComparisonFinancialCalculator\ComparisonFinancialCalculator.csproj", "{ED395C2A-28A2-4C9E-82E7-F4B6A730EACB}"
EndProject
Global
	GlobalSection(SolutionConfigurationPlatforms) = preSolution
		Debug|Any CPU = Debug|Any CPU
		Release|Any CPU = Release|Any CPU
	EndGlobalSection
	GlobalSection(ProjectConfigurationPlatforms) = postSolution
		{ED395C2A-28A2-4C9E-82E7-F4B6A730EACB}.Debug|Any CPU.ActiveCfg = Debug|Any CPU
		{ED395C2A-28A2-4C9E-82E7-F4B6A730EACB}.Debug|Any CPU.Build.0 = Debug|Any CPU
		{ED395C2A-28A2-4C9E-82E7-F4B6A730EACB}.Release|Any CPU.ActiveCfg = Release|Any CPU
		{ED395C2A-28A2-4C9E-82E7-F4B6A730EACB}.Release|Any CPU.Build.0 = Release|Any CPU
	EndGlobalSection
	GlobalSection(SolutionProperties) = preSolution
		HideSolutionNode = FALSE
	EndGlobalSection
	GlobalSection(ExtensibilityGlobals) = postSolution
		SolutionGuid = {31392C02-03FC-4A1F-8E3C-05B2E397DFD8}
	EndGlobalSection
EndGlobal
